
Microsoft Visual Studio Solution File, Format Version 12.00
# Visual Studio Version 16
VisualStudioVersion = 16.0.30621.155
MinimumVisualStudioVersion = 10.0.40219.1
Project("{8BC9CEB8-8B4A-11D0-8D11-00A0C91BC942}") = "DopA", "DopA\DopA.vcxproj", "{30B5B256-CD94-4F3F-A9CE-B8BA914E30D7}"
EndProject
Global
	GlobalSection(SolutionConfigurationPlatforms) = preSolution
		Debug|x64 = Debug|x64
		Debug|x86 = Debug|x86
		Release|x64 = Release|x64
		Release|x86 = Release|x86
	EndGlobalSection
	GlobalSection(ProjectConfigurationPlatforms) = postSolution
		{30B5B256-CD94-4F3F-A9CE-B8BA914E30D7}.Debug|x64.ActiveCfg = Debug|x64
		{30B5B256-CD94-4F3F-A9CE-B8BA914E30D7}.Debug|x64.Build.0 = Debug|x64
		{30B5B256-CD94-4F3F-A9CE-B8BA914E30D7}.Debug|x86.ActiveCfg = Debug|Win32
		{30B5B256-CD94-4F3F-A9CE-B8BA914E30D7}.Debug|x86.Build.0 = Debug|Win32
		{30B5B256-CD94-4F3F-A9CE-B8BA914E30D7}.Release|x64.ActiveCfg = Release|x64
		{30B5B256-CD94-4F3F-A9CE-B8BA914E30D7}.Release|x64.Build.0 = Release|x64
		{30B5B256-CD94-4F3F-A9CE-B8BA914E30D7}.Release|x86.ActiveCfg = Release|Win32
		{30B5B256-CD94-4F3F-A9CE-B8BA914E30D7}.Release|x86.Build.0 = Release|Win32
	EndGlobalSection
	GlobalSection(SolutionProperties) = preSolution
		HideSolutionNode = FALSE
	EndGlobalSection
	GlobalSection(ExtensibilityGlobals) = postSolution
		SolutionGuid = {7D69E01F-C48F-4D42-8E01-76B34E3145E2}
	EndGlobalSection
EndGlobal
